
Microsoft Visual Studio Solution File, Format Version 12.00
# Visual Studio Version 17
VisualStudioVersion = 17.10.35013.160
MinimumVisualStudioVersion = 10.0.40219.1
Project("{FAE04EC0-301F-11D3-BF4B-00C04F79EFBC}") = "math", "math\math.csproj", "{3D2C44A2-D2D0-47E8-978D-35C761C9E255}"
EndProject
Global
	GlobalSection(SolutionConfigurationPlatforms) = preSolution
		Debug|Any CPU = Debug|Any CPU
		Release|Any CPU = Release|Any CPU
	EndGlobalSection
	GlobalSection(ProjectConfigurationPlatforms) = postSolution
		{3D2C44A2-D2D0-47E8-978D-35C761C9E255}.Debug|Any CPU.ActiveCfg = Debug|Any CPU
		{3D2C44A2-D2D0-47E8-978D-35C761C9E255}.Debug|Any CPU.Build.0 = Debug|Any CPU
		{3D2C44A2-D2D0-47E8-978D-35C761C9E255}.Release|Any CPU.ActiveCfg = Release|Any CPU
		{3D2C44A2-D2D0-47E8-978D-35C761C9E255}.Release|Any CPU.Build.0 = Release|Any CPU
	EndGlobalSection
	GlobalSection(SolutionProperties) = preSolution
		HideSolutionNode = FALSE
	EndGlobalSection
	GlobalSection(ExtensibilityGlobals) = postSolution
		SolutionGuid = {135DDD06-5E3F-42D9-B7C2-973631698C5F}
	EndGlobalSection
EndGlobal
